
Microsoft Visual Studio Solution File, Format Version 12.00
# Visual Studio Version 17
VisualStudioVersion = 17.3.32804.467
MinimumVisualStudioVersion = 10.0.40219.1
Project("{FAE04EC0-301F-11D3-BF4B-00C04F79EFBC}") = "TCCPosPucMinas.API", "TCCPosPucMinas.API\TCCPosPucMinas.API.csproj", "{A8178FBA-9CE6-4425-9507-180F88BF67BD}"
EndProject
Global
	GlobalSection(SolutionConfigurationPlatforms) = preSolution
		Debug|Any CPU = Debug|Any CPU
		Release|Any CPU = Release|Any CPU
	EndGlobalSection
	GlobalSection(ProjectConfigurationPlatforms) = postSolution
		{A8178FBA-9CE6-4425-9507-180F88BF67BD}.Debug|Any CPU.ActiveCfg = Debug|Any CPU
		{A8178FBA-9CE6-4425-9507-180F88BF67BD}.Debug|Any CPU.Build.0 = Debug|Any CPU
		{A8178FBA-9CE6-4425-9507-180F88BF67BD}.Release|Any CPU.ActiveCfg = Release|Any CPU
		{A8178FBA-9CE6-4425-9507-180F88BF67BD}.Release|Any CPU.Build.0 = Release|Any CPU
	EndGlobalSection
	GlobalSection(SolutionProperties) = preSolution
		HideSolutionNode = FALSE
	EndGlobalSection
	GlobalSection(ExtensibilityGlobals) = postSolution
		SolutionGuid = {DBC65258-2D37-45E7-8720-3B170231C5FE}
	EndGlobalSection
EndGlobal
