
Microsoft Visual Studio Solution File, Format Version 12.00
# Visual Studio Version 17
VisualStudioVersion = 17.3.32804.467
MinimumVisualStudioVersion = 10.0.40219.1
Project("{9A19103F-16F7-4668-BE54-9A1E7A4F7556}") = "TCCPosPucMinas.API", "TCCPosPucMinas.API\TCCPosPucMinas.API.csproj", "{A8178FBA-9CE6-4425-9507-180F88BF67BD}"
EndProject
Project("{FAE04EC0-301F-11D3-BF4B-00C04F79EFBC}") = "TCCPosPucMinas.Persistence", "TCCPosPucMinas.Persistence\TCCPosPucMinas.Persistence.csproj", "{96CCB56F-7026-4277-9D5E-87587567E0B3}"
EndProject
Project("{FAE04EC0-301F-11D3-BF4B-00C04F79EFBC}") = "TCCPosPucMinas.Domain", "TCCPosPucMinas.Domain\TCCPosPucMinas.Domain.csproj", "{646961CB-44E0-48C3-99B9-1B7AE790F9DE}"
EndProject
Project("{FAE04EC0-301F-11D3-BF4B-00C04F79EFBC}") = "TCCPosPucMinas.Application", "TCCPosPucMinas.Application\TCCPosPucMinas.Application.csproj", "{9041C784-7E42-4639-AB3E-335225FC5784}"
EndProject
Global
	GlobalSection(SolutionConfigurationPlatforms) = preSolution
		Debug|Any CPU = Debug|Any CPU
		Release|Any CPU = Release|Any CPU
	EndGlobalSection
	GlobalSection(ProjectConfigurationPlatforms) = postSolution
		{A8178FBA-9CE6-4425-9507-180F88BF67BD}.Debug|Any CPU.ActiveCfg = Debug|Any CPU
		{A8178FBA-9CE6-4425-9507-180F88BF67BD}.Debug|Any CPU.Build.0 = Debug|Any CPU
		{A8178FBA-9CE6-4425-9507-180F88BF67BD}.Release|Any CPU.ActiveCfg = Release|Any CPU
		{A8178FBA-9CE6-4425-9507-180F88BF67BD}.Release|Any CPU.Build.0 = Release|Any CPU
		{96CCB56F-7026-4277-9D5E-87587567E0B3}.Debug|Any CPU.ActiveCfg = Debug|Any CPU
		{96CCB56F-7026-4277-9D5E-87587567E0B3}.Debug|Any CPU.Build.0 = Debug|Any CPU
		{96CCB56F-7026-4277-9D5E-87587567E0B3}.Release|Any CPU.ActiveCfg = Release|Any CPU
		{96CCB56F-7026-4277-9D5E-87587567E0B3}.Release|Any CPU.Build.0 = Release|Any CPU
		{646961CB-44E0-48C3-99B9-1B7AE790F9DE}.Debug|Any CPU.ActiveCfg = Debug|Any CPU
		{646961CB-44E0-48C3-99B9-1B7AE790F9DE}.Debug|Any CPU.Build.0 = Debug|Any CPU
		{646961CB-44E0-48C3-99B9-1B7AE790F9DE}.Release|Any CPU.ActiveCfg = Release|Any CPU
		{646961CB-44E0-48C3-99B9-1B7AE790F9DE}.Release|Any CPU.Build.0 = Release|Any CPU
		{9041C784-7E42-4639-AB3E-335225FC5784}.Debug|Any CPU.ActiveCfg = Debug|Any CPU
		{9041C784-7E42-4639-AB3E-335225FC5784}.Debug|Any CPU.Build.0 = Debug|Any CPU
		{9041C784-7E42-4639-AB3E-335225FC5784}.Release|Any CPU.ActiveCfg = Release|Any CPU
		{9041C784-7E42-4639-AB3E-335225FC5784}.Release|Any CPU.Build.0 = Release|Any CPU
	EndGlobalSection
	GlobalSection(SolutionProperties) = preSolution
		HideSolutionNode = FALSE
	EndGlobalSection
	GlobalSection(ExtensibilityGlobals) = postSolution
		SolutionGuid = {DBC65258-2D37-45E7-8720-3B170231C5FE}
	EndGlobalSection
EndGlobal
